
Microsoft Visual Studio Solution File, Format Version 12.00
# Visual Studio 15
VisualStudioVersion = 15.0.27428.1
MinimumVisualStudioVersion = 10.0.40219.1
Project("{9A19103F-16F7-4668-BE54-9A1E7A4F7556}") = "server", "server.csproj", "{991F246D-19FF-4D67-8508-BB8D98BC1915}"
EndProject
Project("{9A19103F-16F7-4668-BE54-9A1E7A4F7556}") = "servertest", "..\servertest\servertest.csproj", "{1BDB34EE-E085-4C60-9A3D-FFC0579E5833}"
EndProject
Global
	GlobalSection(SolutionConfigurationPlatforms) = preSolution
		Debug|Any CPU = Debug|Any CPU
		Release|Any CPU = Release|Any CPU
	EndGlobalSection
	GlobalSection(ProjectConfigurationPlatforms) = postSolution
		{991F246D-19FF-4D67-8508-BB8D98BC1915}.Debug|Any CPU.ActiveCfg = Debug|Any CPU
		{991F246D-19FF-4D67-8508-BB8D98BC1915}.Debug|Any CPU.Build.0 = Debug|Any CPU
		{991F246D-19FF-4D67-8508-BB8D98BC1915}.Release|Any CPU.ActiveCfg = Release|Any CPU
		{991F246D-19FF-4D67-8508-BB8D98BC1915}.Release|Any CPU.Build.0 = Release|Any CPU
		{1BDB34EE-E085-4C60-9A3D-FFC0579E5833}.Debug|Any CPU.ActiveCfg = Debug|Any CPU
		{1BDB34EE-E085-4C60-9A3D-FFC0579E5833}.Debug|Any CPU.Build.0 = Debug|Any CPU
		{1BDB34EE-E085-4C60-9A3D-FFC0579E5833}.Release|Any CPU.ActiveCfg = Release|Any CPU
		{1BDB34EE-E085-4C60-9A3D-FFC0579E5833}.Release|Any CPU.Build.0 = Release|Any CPU
	EndGlobalSection
	GlobalSection(SolutionProperties) = preSolution
		HideSolutionNode = FALSE
	EndGlobalSection
	GlobalSection(ExtensibilityGlobals) = postSolution
		SolutionGuid = {FF0B0445-AB4E-4D1B-A540-5D014056C28D}
	EndGlobalSection
EndGlobal
